
Microsoft Visual Studio Solution File, Format Version 12.00
# Visual Studio Version 16
VisualStudioVersion = 16.0.29806.167
MinimumVisualStudioVersion = 10.0.40219.1
Project("{8BC9CEB8-8B4A-11D0-8D11-00A0C91BC942}") = "Project1", "Project1\Project1.vcxproj", "{DF7ACB1C-5057-46FB-A727-E7F61BABE246}"
EndProject
Project("{8BC9CEB8-8B4A-11D0-8D11-00A0C91BC942}") = "Project1.2", "Project1.2\Project1.2.vcxproj", "{F9526B6E-2D04-4B56-8610-E38819E5468D}"
EndProject
Project("{8BC9CEB8-8B4A-11D0-8D11-00A0C91BC942}") = "Project2", "Project2\Project2.vcxproj", "{24AF623E-42AA-4427-8770-CED2E9893C09}"
EndProject
Project("{8BC9CEB8-8B4A-11D0-8D11-00A0C91BC942}") = "Project3", "Project3\Project3.vcxproj", "{6343B808-8F7D-4336-9EB1-55C12FD9A51C}"
EndProject
Project("{8BC9CEB8-8B4A-11D0-8D11-00A0C91BC942}") = "Project4", "Project4\Project4.vcxproj", "{3FF98A80-2322-46C0-BC1E-1F919E148C09}"
EndProject
Project("{8BC9CEB8-8B4A-11D0-8D11-00A0C91BC942}") = "Project5", "Project5\Project5.vcxproj", "{840C19D8-D7D3-4285-A573-E4BA05D64D17}"
EndProject
Project("{8BC9CEB8-8B4A-11D0-8D11-00A0C91BC942}") = "Project6", "Project6\Project6.vcxproj", "{69323F74-56C3-401D-8268-F78060412BA5}"
EndProject
Global
	GlobalSection(SolutionConfigurationPlatforms) = preSolution
		Debug|x64 = Debug|x64
		Debug|x86 = Debug|x86
		Release|x64 = Release|x64
		Release|x86 = Release|x86
	EndGlobalSection
	GlobalSection(ProjectConfigurationPlatforms) = postSolution
		{DF7ACB1C-5057-46FB-A727-E7F61BABE246}.Debug|x64.ActiveCfg = Debug|x64
		{DF7ACB1C-5057-46FB-A727-E7F61BABE246}.Debug|x64.Build.0 = Debug|x64
		{DF7ACB1C-5057-46FB-A727-E7F61BABE246}.Debug|x86.ActiveCfg = Debug|Win32
		{DF7ACB1C-5057-46FB-A727-E7F61BABE246}.Debug|x86.Build.0 = Debug|Win32
		{DF7ACB1C-5057-46FB-A727-E7F61BABE246}.Release|x64.ActiveCfg = Release|x64
		{DF7ACB1C-5057-46FB-A727-E7F61BABE246}.Release|x64.Build.0 = Release|x64
		{DF7ACB1C-5057-46FB-A727-E7F61BABE246}.Release|x86.ActiveCfg = Release|Win32
		{DF7ACB1C-5057-46FB-A727-E7F61BABE246}.Release|x86.Build.0 = Release|Win32
		{F9526B6E-2D04-4B56-8610-E38819E5468D}.Debug|x64.ActiveCfg = Debug|x64
		{F9526B6E-2D04-4B56-8610-E38819E5468D}.Debug|x64.Build.0 = Debug|x64
		{F9526B6E-2D04-4B56-8610-E38819E5468D}.Debug|x86.ActiveCfg = Debug|Win32
		{F9526B6E-2D04-4B56-8610-E38819E5468D}.Debug|x86.Build.0 = Debug|Win32
		{F9526B6E-2D04-4B56-8610-E38819E5468D}.Release|x64.ActiveCfg = Release|x64
		{F9526B6E-2D04-4B56-8610-E38819E5468D}.Release|x64.Build.0 = Release|x64
		{F9526B6E-2D04-4B56-8610-E38819E5468D}.Release|x86.ActiveCfg = Release|Win32
		{F9526B6E-2D04-4B56-8610-E38819E5468D}.Release|x86.Build.0 = Release|Win32
		{24AF623E-42AA-4427-8770-CED2E9893C09}.Debug|x64.ActiveCfg = Debug|x64
		{24AF623E-42AA-4427-8770-CED2E9893C09}.Debug|x64.Build.0 = Debug|x64
		{24AF623E-42AA-4427-8770-CED2E9893C09}.Debug|x86.ActiveCfg = Debug|Win32
		{24AF623E-42AA-4427-8770-CED2E9893C09}.Debug|x86.Build.0 = Debug|Win32
		{24AF623E-42AA-4427-8770-CED2E9893C09}.Release|x64.ActiveCfg = Release|x64
		{24AF623E-42AA-4427-8770-CED2E9893C09}.Release|x64.Build.0 = Release|x64
		{24AF623E-42AA-4427-8770-CED2E9893C09}.Release|x86.ActiveCfg = Release|Win32
		{24AF623E-42AA-4427-8770-CED2E9893C09}.Release|x86.Build.0 = Release|Win32
		{6343B808-8F7D-4336-9EB1-55C12FD9A51C}.Debug|x64.ActiveCfg = Debug|x64
		{6343B808-8F7D-4336-9EB1-55C12FD9A51C}.Debug|x64.Build.0 = Debug|x64
		{6343B808-8F7D-4336-9EB1-55C12FD9A51C}.Debug|x86.ActiveCfg = Debug|Win32
		{6343B808-8F7D-4336-9EB1-55C12FD9A51C}.Debug|x86.Build.0 = Debug|Win32
		{6343B808-8F7D-4336-9EB1-55C12FD9A51C}.Release|x64.ActiveCfg = Release|x64
		{6343B808-8F7D-4336-9EB1-55C12FD9A51C}.Release|x64.Build.0 = Release|x64
		{6343B808-8F7D-4336-9EB1-55C12FD9A51C}.Release|x86.ActiveCfg = Release|Win32
		{6343B808-8F7D-4336-9EB1-55C12FD9A51C}.Release|x86.Build.0 = Release|Win32
		{3FF98A80-2322-46C0-BC1E-1F919E148C09}.Debug|x64.ActiveCfg = Debug|x64
		{3FF98A80-2322-46C0-BC1E-1F919E148C09}.Debug|x64.Build.0 = Debug|x64
		{3FF98A80-2322-46C0-BC1E-1F919E148C09}.Debug|x86.ActiveCfg = Debug|Win32
		{3FF98A80-2322-46C0-BC1E-1F919E148C09}.Debug|x86.Build.0 = Debug|Win32
		{3FF98A80-2322-46C0-BC1E-1F919E148C09}.Release|x64.ActiveCfg = Release|x64
		{3FF98A80-2322-46C0-BC1E-1F919E148C09}.Release|x64.Build.0 = Release|x64
		{3FF98A80-2322-46C0-BC1E-1F919E148C09}.Release|x86.ActiveCfg = Release|Win32
		{3FF98A80-2322-46C0-BC1E-1F919E148C09}.Release|x86.Build.0 = Release|Win32
		{840C19D8-D7D3-4285-A573-E4BA05D64D17}.Debug|x64.ActiveCfg = Debug|x64
		{840C19D8-D7D3-4285-A573-E4BA05D64D17}.Debug|x64.Build.0 = Debug|x64
		{840C19D8-D7D3-4285-A573-E4BA05D64D17}.Debug|x86.ActiveCfg = Debug|Win32
		{840C19D8-D7D3-4285-A573-E4BA05D64D17}.Debug|x86.Build.0 = Debug|Win32
		{840C19D8-D7D3-4285-A573-E4BA05D64D17}.Release|x64.ActiveCfg = Release|x64
		{840C19D8-D7D3-4285-A573-E4BA05D64D17}.Release|x64.Build.0 = Release|x64
		{840C19D8-D7D3-4285-A573-E4BA05D64D17}.Release|x86.ActiveCfg = Release|Win32
		{840C19D8-D7D3-4285-A573-E4BA05D64D17}.Release|x86.Build.0 = Release|Win32
		{69323F74-56C3-401D-8268-F78060412BA5}.Debug|x64.ActiveCfg = Debug|x64
		{69323F74-56C3-401D-8268-F78060412BA5}.Debug|x64.Build.0 = Debug|x64
		{69323F74-56C3-401D-8268-F78060412BA5}.Debug|x86.ActiveCfg = Debug|Win32
		{69323F74-56C3-401D-8268-F78060412BA5}.Debug|x86.Build.0 = Debug|Win32
		{69323F74-56C3-401D-8268-F78060412BA5}.Release|x64.ActiveCfg = Release|x64
		{69323F74-56C3-401D-8268-F78060412BA5}.Release|x64.Build.0 = Release|x64
		{69323F74-56C3-401D-8268-F78060412BA5}.Release|x86.ActiveCfg = Release|Win32
		{69323F74-56C3-401D-8268-F78060412BA5}.Release|x86.Build.0 = Release|Win32
	EndGlobalSection
	GlobalSection(SolutionProperties) = preSolution
		HideSolutionNode = FALSE
	EndGlobalSection
	GlobalSection(ExtensibilityGlobals) = postSolution
		SolutionGuid = {1401B1A3-93DF-490A-B1CA-6B2F0A4691BF}
	EndGlobalSection
EndGlobal
