
Microsoft Visual Studio Solution File, Format Version 12.00
# Visual Studio Version 16
VisualStudioVersion = 16.0.30204.135
MinimumVisualStudioVersion = 10.0.40219.1
Project("{8BC9CEB8-8B4A-11D0-8D11-00A0C91BC942}") = "Project1", "Project1\Project1.vcxproj", "{07F9EE30-0B14-4630-9705-938B94E18B63}"
EndProject
Project("{8BC9CEB8-8B4A-11D0-8D11-00A0C91BC942}") = "Project2", "Project2\Project2.vcxproj", "{D66F8B42-BDFB-4461-A436-B9847EFFDFDB}"
EndProject
Project("{8BC9CEB8-8B4A-11D0-8D11-00A0C91BC942}") = "Project3", "Project3\Project3.vcxproj", "{B60B93D1-10D6-4F66-9D9B-2A66719CAE85}"
EndProject
Project("{8BC9CEB8-8B4A-11D0-8D11-00A0C91BC942}") = "Project4", "Project4\Project4.vcxproj", "{067B140B-6E43-4C48-A7CA-4BB92028AF33}"
EndProject
Project("{8BC9CEB8-8B4A-11D0-8D11-00A0C91BC942}") = "Project5", "Project5\Project5.vcxproj", "{1C6FE838-0AE4-4747-87C2-EBB7446D34DE}"
EndProject
Project("{8BC9CEB8-8B4A-11D0-8D11-00A0C91BC942}") = "Project6", "Project6\Project6.vcxproj", "{785DC23A-83A6-4BAF-9020-78F8E605077A}"
EndProject
Project("{8BC9CEB8-8B4A-11D0-8D11-00A0C91BC942}") = "Project7", "Project7\Project7.vcxproj", "{374BB6A1-4C1D-463A-B7EB-50EB04DA38FE}"
EndProject
Global
	GlobalSection(SolutionConfigurationPlatforms) = preSolution
		Debug|x64 = Debug|x64
		Debug|x86 = Debug|x86
		Release|x64 = Release|x64
		Release|x86 = Release|x86
	EndGlobalSection
	GlobalSection(ProjectConfigurationPlatforms) = postSolution
		{07F9EE30-0B14-4630-9705-938B94E18B63}.Debug|x64.ActiveCfg = Debug|x64
		{07F9EE30-0B14-4630-9705-938B94E18B63}.Debug|x64.Build.0 = Debug|x64
		{07F9EE30-0B14-4630-9705-938B94E18B63}.Debug|x86.ActiveCfg = Debug|Win32
		{07F9EE30-0B14-4630-9705-938B94E18B63}.Debug|x86.Build.0 = Debug|Win32
		{07F9EE30-0B14-4630-9705-938B94E18B63}.Release|x64.ActiveCfg = Release|x64
		{07F9EE30-0B14-4630-9705-938B94E18B63}.Release|x64.Build.0 = Release|x64
		{07F9EE30-0B14-4630-9705-938B94E18B63}.Release|x86.ActiveCfg = Release|Win32
		{07F9EE30-0B14-4630-9705-938B94E18B63}.Release|x86.Build.0 = Release|Win32
		{D66F8B42-BDFB-4461-A436-B9847EFFDFDB}.Debug|x64.ActiveCfg = Debug|x64
		{D66F8B42-BDFB-4461-A436-B9847EFFDFDB}.Debug|x64.Build.0 = Debug|x64
		{D66F8B42-BDFB-4461-A436-B9847EFFDFDB}.Debug|x86.ActiveCfg = Debug|Win32
		{D66F8B42-BDFB-4461-A436-B9847EFFDFDB}.Debug|x86.Build.0 = Debug|Win32
		{D66F8B42-BDFB-4461-A436-B9847EFFDFDB}.Release|x64.ActiveCfg = Release|x64
		{D66F8B42-BDFB-4461-A436-B9847EFFDFDB}.Release|x64.Build.0 = Release|x64
		{D66F8B42-BDFB-4461-A436-B9847EFFDFDB}.Release|x86.ActiveCfg = Release|Win32
		{D66F8B42-BDFB-4461-A436-B9847EFFDFDB}.Release|x86.Build.0 = Release|Win32
		{B60B93D1-10D6-4F66-9D9B-2A66719CAE85}.Debug|x64.ActiveCfg = Debug|x64
		{B60B93D1-10D6-4F66-9D9B-2A66719CAE85}.Debug|x64.Build.0 = Debug|x64
		{B60B93D1-10D6-4F66-9D9B-2A66719CAE85}.Debug|x86.ActiveCfg = Debug|Win32
		{B60B93D1-10D6-4F66-9D9B-2A66719CAE85}.Debug|x86.Build.0 = Debug|Win32
		{B60B93D1-10D6-4F66-9D9B-2A66719CAE85}.Release|x64.ActiveCfg = Release|x64
		{B60B93D1-10D6-4F66-9D9B-2A66719CAE85}.Release|x64.Build.0 = Release|x64
		{B60B93D1-10D6-4F66-9D9B-2A66719CAE85}.Release|x86.ActiveCfg = Release|Win32
		{B60B93D1-10D6-4F66-9D9B-2A66719CAE85}.Release|x86.Build.0 = Release|Win32
		{067B140B-6E43-4C48-A7CA-4BB92028AF33}.Debug|x64.ActiveCfg = Debug|x64
		{067B140B-6E43-4C48-A7CA-4BB92028AF33}.Debug|x64.Build.0 = Debug|x64
		{067B140B-6E43-4C48-A7CA-4BB92028AF33}.Debug|x86.ActiveCfg = Debug|Win32
		{067B140B-6E43-4C48-A7CA-4BB92028AF33}.Debug|x86.Build.0 = Debug|Win32
		{067B140B-6E43-4C48-A7CA-4BB92028AF33}.Release|x64.ActiveCfg = Release|x64
		{067B140B-6E43-4C48-A7CA-4BB92028AF33}.Release|x64.Build.0 = Release|x64
		{067B140B-6E43-4C48-A7CA-4BB92028AF33}.Release|x86.ActiveCfg = Release|Win32
		{067B140B-6E43-4C48-A7CA-4BB92028AF33}.Release|x86.Build.0 = Release|Win32
		{1C6FE838-0AE4-4747-87C2-EBB7446D34DE}.Debug|x64.ActiveCfg = Debug|x64
		{1C6FE838-0AE4-4747-87C2-EBB7446D34DE}.Debug|x64.Build.0 = Debug|x64
		{1C6FE838-0AE4-4747-87C2-EBB7446D34DE}.Debug|x86.ActiveCfg = Debug|Win32
		{1C6FE838-0AE4-4747-87C2-EBB7446D34DE}.Debug|x86.Build.0 = Debug|Win32
		{1C6FE838-0AE4-4747-87C2-EBB7446D34DE}.Release|x64.ActiveCfg = Release|x64
		{1C6FE838-0AE4-4747-87C2-EBB7446D34DE}.Release|x64.Build.0 = Release|x64
		{1C6FE838-0AE4-4747-87C2-EBB7446D34DE}.Release|x86.ActiveCfg = Release|Win32
		{1C6FE838-0AE4-4747-87C2-EBB7446D34DE}.Release|x86.Build.0 = Release|Win32
		{785DC23A-83A6-4BAF-9020-78F8E605077A}.Debug|x64.ActiveCfg = Debug|x64
		{785DC23A-83A6-4BAF-9020-78F8E605077A}.Debug|x64.Build.0 = Debug|x64
		{785DC23A-83A6-4BAF-9020-78F8E605077A}.Debug|x86.ActiveCfg = Debug|Win32
		{785DC23A-83A6-4BAF-9020-78F8E605077A}.Debug|x86.Build.0 = Debug|Win32
		{785DC23A-83A6-4BAF-9020-78F8E605077A}.Release|x64.ActiveCfg = Release|x64
		{785DC23A-83A6-4BAF-9020-78F8E605077A}.Release|x64.Build.0 = Release|x64
		{785DC23A-83A6-4BAF-9020-78F8E605077A}.Release|x86.ActiveCfg = Release|Win32
		{785DC23A-83A6-4BAF-9020-78F8E605077A}.Release|x86.Build.0 = Release|Win32
		{374BB6A1-4C1D-463A-B7EB-50EB04DA38FE}.Debug|x64.ActiveCfg = Debug|x64
		{374BB6A1-4C1D-463A-B7EB-50EB04DA38FE}.Debug|x64.Build.0 = Debug|x64
		{374BB6A1-4C1D-463A-B7EB-50EB04DA38FE}.Debug|x86.ActiveCfg = Debug|Win32
		{374BB6A1-4C1D-463A-B7EB-50EB04DA38FE}.Debug|x86.Build.0 = Debug|Win32
		{374BB6A1-4C1D-463A-B7EB-50EB04DA38FE}.Release|x64.ActiveCfg = Release|x64
		{374BB6A1-4C1D-463A-B7EB-50EB04DA38FE}.Release|x64.Build.0 = Release|x64
		{374BB6A1-4C1D-463A-B7EB-50EB04DA38FE}.Release|x86.ActiveCfg = Release|Win32
		{374BB6A1-4C1D-463A-B7EB-50EB04DA38FE}.Release|x86.Build.0 = Release|Win32
	EndGlobalSection
	GlobalSection(SolutionProperties) = preSolution
		HideSolutionNode = FALSE
	EndGlobalSection
	GlobalSection(ExtensibilityGlobals) = postSolution
		SolutionGuid = {F8CD49A0-A2A3-4F62-8B29-29860F9DEAA1}
	EndGlobalSection
EndGlobal
