
Microsoft Visual Studio Solution File, Format Version 12.00
# Visual Studio Version 16
VisualStudioVersion = 16.0.30204.135
MinimumVisualStudioVersion = 10.0.40219.1
Project("{8BC9CEB8-8B4A-11D0-8D11-00A0C91BC942}") = "Project1", "Project1\Project1.vcxproj", "{77090A37-263E-40B5-8418-CAF3766C316B}"
EndProject
Global
	GlobalSection(SolutionConfigurationPlatforms) = preSolution
		Debug|x64 = Debug|x64
		Debug|x86 = Debug|x86
		Release|x64 = Release|x64
		Release|x86 = Release|x86
	EndGlobalSection
	GlobalSection(ProjectConfigurationPlatforms) = postSolution
		{77090A37-263E-40B5-8418-CAF3766C316B}.Debug|x64.ActiveCfg = Debug|x64
		{77090A37-263E-40B5-8418-CAF3766C316B}.Debug|x64.Build.0 = Debug|x64
		{77090A37-263E-40B5-8418-CAF3766C316B}.Debug|x86.ActiveCfg = Debug|Win32
		{77090A37-263E-40B5-8418-CAF3766C316B}.Debug|x86.Build.0 = Debug|Win32
		{77090A37-263E-40B5-8418-CAF3766C316B}.Release|x64.ActiveCfg = Release|x64
		{77090A37-263E-40B5-8418-CAF3766C316B}.Release|x64.Build.0 = Release|x64
		{77090A37-263E-40B5-8418-CAF3766C316B}.Release|x86.ActiveCfg = Release|Win32
		{77090A37-263E-40B5-8418-CAF3766C316B}.Release|x86.Build.0 = Release|Win32
	EndGlobalSection
	GlobalSection(SolutionProperties) = preSolution
		HideSolutionNode = FALSE
	EndGlobalSection
	GlobalSection(ExtensibilityGlobals) = postSolution
		SolutionGuid = {B4BBE284-B36B-4691-95E8-C5F53258E598}
	EndGlobalSection
EndGlobal
