
Microsoft Visual Studio Solution File, Format Version 12.00
# Visual Studio Version 16
VisualStudioVersion = 16.0.29424.173
MinimumVisualStudioVersion = 10.0.40219.1
Project("{8BC9CEB8-8B4A-11D0-8D11-00A0C91BC942}") = "Project10.1", "Project10.x\Project10.x.vcxproj", "{E5E3E0DF-083B-4CCC-B6E9-75225E7F4F29}"
EndProject
Project("{8BC9CEB8-8B4A-11D0-8D11-00A0C91BC942}") = "Project10.2", "Project10.2\Project10.2.vcxproj", "{4503632D-B54B-457B-A9AD-3D7CA19BCB7A}"
EndProject
Project("{8BC9CEB8-8B4A-11D0-8D11-00A0C91BC942}") = "Project10.3", "Project10.3\Project10.3.vcxproj", "{BB706278-F2BD-4BFB-A4F6-57F3BB05F933}"
EndProject
Project("{8BC9CEB8-8B4A-11D0-8D11-00A0C91BC942}") = "Project10.5", "Project10.5\Project10.5.vcxproj", "{8432E49C-FAD4-49F5-96D9-2C371C12A78F}"
EndProject
Project("{8BC9CEB8-8B4A-11D0-8D11-00A0C91BC942}") = "Project10.6", "Project10.6\Project10.6.vcxproj", "{C9F476A7-0313-4BC0-82DC-1407E10D1280}"
EndProject
Project("{8BC9CEB8-8B4A-11D0-8D11-00A0C91BC942}") = "Project10.4", "Project10.4\Project10.4.vcxproj", "{8295DF1B-794A-431E-9FFB-008E10ED0F37}"
EndProject
Global
	GlobalSection(SolutionConfigurationPlatforms) = preSolution
		Debug|x64 = Debug|x64
		Debug|x86 = Debug|x86
		Release|x64 = Release|x64
		Release|x86 = Release|x86
	EndGlobalSection
	GlobalSection(ProjectConfigurationPlatforms) = postSolution
		{E5E3E0DF-083B-4CCC-B6E9-75225E7F4F29}.Debug|x64.ActiveCfg = Debug|x64
		{E5E3E0DF-083B-4CCC-B6E9-75225E7F4F29}.Debug|x64.Build.0 = Debug|x64
		{E5E3E0DF-083B-4CCC-B6E9-75225E7F4F29}.Debug|x86.ActiveCfg = Debug|Win32
		{E5E3E0DF-083B-4CCC-B6E9-75225E7F4F29}.Debug|x86.Build.0 = Debug|Win32
		{E5E3E0DF-083B-4CCC-B6E9-75225E7F4F29}.Release|x64.ActiveCfg = Release|x64
		{E5E3E0DF-083B-4CCC-B6E9-75225E7F4F29}.Release|x64.Build.0 = Release|x64
		{E5E3E0DF-083B-4CCC-B6E9-75225E7F4F29}.Release|x86.ActiveCfg = Release|Win32
		{E5E3E0DF-083B-4CCC-B6E9-75225E7F4F29}.Release|x86.Build.0 = Release|Win32
		{4503632D-B54B-457B-A9AD-3D7CA19BCB7A}.Debug|x64.ActiveCfg = Debug|x64
		{4503632D-B54B-457B-A9AD-3D7CA19BCB7A}.Debug|x64.Build.0 = Debug|x64
		{4503632D-B54B-457B-A9AD-3D7CA19BCB7A}.Debug|x86.ActiveCfg = Debug|Win32
		{4503632D-B54B-457B-A9AD-3D7CA19BCB7A}.Debug|x86.Build.0 = Debug|Win32
		{4503632D-B54B-457B-A9AD-3D7CA19BCB7A}.Release|x64.ActiveCfg = Release|x64
		{4503632D-B54B-457B-A9AD-3D7CA19BCB7A}.Release|x64.Build.0 = Release|x64
		{4503632D-B54B-457B-A9AD-3D7CA19BCB7A}.Release|x86.ActiveCfg = Release|Win32
		{4503632D-B54B-457B-A9AD-3D7CA19BCB7A}.Release|x86.Build.0 = Release|Win32
		{BB706278-F2BD-4BFB-A4F6-57F3BB05F933}.Debug|x64.ActiveCfg = Debug|x64
		{BB706278-F2BD-4BFB-A4F6-57F3BB05F933}.Debug|x64.Build.0 = Debug|x64
		{BB706278-F2BD-4BFB-A4F6-57F3BB05F933}.Debug|x86.ActiveCfg = Debug|Win32
		{BB706278-F2BD-4BFB-A4F6-57F3BB05F933}.Debug|x86.Build.0 = Debug|Win32
		{BB706278-F2BD-4BFB-A4F6-57F3BB05F933}.Release|x64.ActiveCfg = Release|x64
		{BB706278-F2BD-4BFB-A4F6-57F3BB05F933}.Release|x64.Build.0 = Release|x64
		{BB706278-F2BD-4BFB-A4F6-57F3BB05F933}.Release|x86.ActiveCfg = Release|Win32
		{BB706278-F2BD-4BFB-A4F6-57F3BB05F933}.Release|x86.Build.0 = Release|Win32
		{8432E49C-FAD4-49F5-96D9-2C371C12A78F}.Debug|x64.ActiveCfg = Debug|x64
		{8432E49C-FAD4-49F5-96D9-2C371C12A78F}.Debug|x64.Build.0 = Debug|x64
		{8432E49C-FAD4-49F5-96D9-2C371C12A78F}.Debug|x86.ActiveCfg = Debug|Win32
		{8432E49C-FAD4-49F5-96D9-2C371C12A78F}.Debug|x86.Build.0 = Debug|Win32
		{8432E49C-FAD4-49F5-96D9-2C371C12A78F}.Release|x64.ActiveCfg = Release|x64
		{8432E49C-FAD4-49F5-96D9-2C371C12A78F}.Release|x64.Build.0 = Release|x64
		{8432E49C-FAD4-49F5-96D9-2C371C12A78F}.Release|x86.ActiveCfg = Release|Win32
		{8432E49C-FAD4-49F5-96D9-2C371C12A78F}.Release|x86.Build.0 = Release|Win32
		{C9F476A7-0313-4BC0-82DC-1407E10D1280}.Debug|x64.ActiveCfg = Debug|x64
		{C9F476A7-0313-4BC0-82DC-1407E10D1280}.Debug|x64.Build.0 = Debug|x64
		{C9F476A7-0313-4BC0-82DC-1407E10D1280}.Debug|x86.ActiveCfg = Debug|Win32
		{C9F476A7-0313-4BC0-82DC-1407E10D1280}.Debug|x86.Build.0 = Debug|Win32
		{C9F476A7-0313-4BC0-82DC-1407E10D1280}.Release|x64.ActiveCfg = Release|x64
		{C9F476A7-0313-4BC0-82DC-1407E10D1280}.Release|x64.Build.0 = Release|x64
		{C9F476A7-0313-4BC0-82DC-1407E10D1280}.Release|x86.ActiveCfg = Release|Win32
		{C9F476A7-0313-4BC0-82DC-1407E10D1280}.Release|x86.Build.0 = Release|Win32
		{8295DF1B-794A-431E-9FFB-008E10ED0F37}.Debug|x64.ActiveCfg = Debug|x64
		{8295DF1B-794A-431E-9FFB-008E10ED0F37}.Debug|x64.Build.0 = Debug|x64
		{8295DF1B-794A-431E-9FFB-008E10ED0F37}.Debug|x86.ActiveCfg = Debug|Win32
		{8295DF1B-794A-431E-9FFB-008E10ED0F37}.Debug|x86.Build.0 = Debug|Win32
		{8295DF1B-794A-431E-9FFB-008E10ED0F37}.Release|x64.ActiveCfg = Release|x64
		{8295DF1B-794A-431E-9FFB-008E10ED0F37}.Release|x64.Build.0 = Release|x64
		{8295DF1B-794A-431E-9FFB-008E10ED0F37}.Release|x86.ActiveCfg = Release|Win32
		{8295DF1B-794A-431E-9FFB-008E10ED0F37}.Release|x86.Build.0 = Release|Win32
	EndGlobalSection
	GlobalSection(SolutionProperties) = preSolution
		HideSolutionNode = FALSE
	EndGlobalSection
	GlobalSection(ExtensibilityGlobals) = postSolution
		SolutionGuid = {75CA389D-6890-49B0-A67F-FAF86DF3798E}
	EndGlobalSection
EndGlobal
