
Microsoft Visual Studio Solution File, Format Version 12.00
# Visual Studio Version 16
VisualStudioVersion = 16.0.30204.135
MinimumVisualStudioVersion = 10.0.40219.1
Project("{8BC9CEB8-8B4A-11D0-8D11-00A0C91BC942}") = "Project1", "Project1\Project1.vcxproj", "{6336B688-0A97-4BFD-AADE-1D84BB584B08}"
EndProject
Project("{8BC9CEB8-8B4A-11D0-8D11-00A0C91BC942}") = "Project2", "Project2\Project2.vcxproj", "{0CD1380F-9CEF-46EC-BD35-5D36352D6FD1}"
EndProject
Project("{8BC9CEB8-8B4A-11D0-8D11-00A0C91BC942}") = "Project3", "Project3\Project3.vcxproj", "{F00E2C5E-30E4-4B10-8816-00A47CA6EBCC}"
EndProject
Project("{8BC9CEB8-8B4A-11D0-8D11-00A0C91BC942}") = "Project4", "Project4\Project4.vcxproj", "{FAF9F857-109C-4A84-9469-DD3E67B10C72}"
EndProject
Project("{8BC9CEB8-8B4A-11D0-8D11-00A0C91BC942}") = "Project5", "Project5\Project5.vcxproj", "{F7A9721F-DF5F-40DD-B813-332E4B3CEB72}"
EndProject
Project("{8BC9CEB8-8B4A-11D0-8D11-00A0C91BC942}") = "Project6", "Project6\Project6.vcxproj", "{5B85205A-B19E-4212-8FF2-5FF548398AF1}"
EndProject
Project("{8BC9CEB8-8B4A-11D0-8D11-00A0C91BC942}") = "Project7", "Project7\Project7.vcxproj", "{9CDCB212-6F81-4920-BB82-A8AC9208839B}"
EndProject
Project("{8BC9CEB8-8B4A-11D0-8D11-00A0C91BC942}") = "Project7.2", "Project7.2\Project7.2.vcxproj", "{0D05A912-40E0-4FD8-B21A-66D3829BA09D}"
EndProject
Global
	GlobalSection(SolutionConfigurationPlatforms) = preSolution
		Debug|x64 = Debug|x64
		Debug|x86 = Debug|x86
		Release|x64 = Release|x64
		Release|x86 = Release|x86
	EndGlobalSection
	GlobalSection(ProjectConfigurationPlatforms) = postSolution
		{6336B688-0A97-4BFD-AADE-1D84BB584B08}.Debug|x64.ActiveCfg = Debug|x64
		{6336B688-0A97-4BFD-AADE-1D84BB584B08}.Debug|x64.Build.0 = Debug|x64
		{6336B688-0A97-4BFD-AADE-1D84BB584B08}.Debug|x86.ActiveCfg = Debug|Win32
		{6336B688-0A97-4BFD-AADE-1D84BB584B08}.Debug|x86.Build.0 = Debug|Win32
		{6336B688-0A97-4BFD-AADE-1D84BB584B08}.Release|x64.ActiveCfg = Release|x64
		{6336B688-0A97-4BFD-AADE-1D84BB584B08}.Release|x64.Build.0 = Release|x64
		{6336B688-0A97-4BFD-AADE-1D84BB584B08}.Release|x86.ActiveCfg = Release|Win32
		{6336B688-0A97-4BFD-AADE-1D84BB584B08}.Release|x86.Build.0 = Release|Win32
		{0CD1380F-9CEF-46EC-BD35-5D36352D6FD1}.Debug|x64.ActiveCfg = Debug|x64
		{0CD1380F-9CEF-46EC-BD35-5D36352D6FD1}.Debug|x64.Build.0 = Debug|x64
		{0CD1380F-9CEF-46EC-BD35-5D36352D6FD1}.Debug|x86.ActiveCfg = Debug|Win32
		{0CD1380F-9CEF-46EC-BD35-5D36352D6FD1}.Debug|x86.Build.0 = Debug|Win32
		{0CD1380F-9CEF-46EC-BD35-5D36352D6FD1}.Release|x64.ActiveCfg = Release|x64
		{0CD1380F-9CEF-46EC-BD35-5D36352D6FD1}.Release|x64.Build.0 = Release|x64
		{0CD1380F-9CEF-46EC-BD35-5D36352D6FD1}.Release|x86.ActiveCfg = Release|Win32
		{0CD1380F-9CEF-46EC-BD35-5D36352D6FD1}.Release|x86.Build.0 = Release|Win32
		{F00E2C5E-30E4-4B10-8816-00A47CA6EBCC}.Debug|x64.ActiveCfg = Debug|x64
		{F00E2C5E-30E4-4B10-8816-00A47CA6EBCC}.Debug|x64.Build.0 = Debug|x64
		{F00E2C5E-30E4-4B10-8816-00A47CA6EBCC}.Debug|x86.ActiveCfg = Debug|Win32
		{F00E2C5E-30E4-4B10-8816-00A47CA6EBCC}.Debug|x86.Build.0 = Debug|Win32
		{F00E2C5E-30E4-4B10-8816-00A47CA6EBCC}.Release|x64.ActiveCfg = Release|x64
		{F00E2C5E-30E4-4B10-8816-00A47CA6EBCC}.Release|x64.Build.0 = Release|x64
		{F00E2C5E-30E4-4B10-8816-00A47CA6EBCC}.Release|x86.ActiveCfg = Release|Win32
		{F00E2C5E-30E4-4B10-8816-00A47CA6EBCC}.Release|x86.Build.0 = Release|Win32
		{FAF9F857-109C-4A84-9469-DD3E67B10C72}.Debug|x64.ActiveCfg = Debug|x64
		{FAF9F857-109C-4A84-9469-DD3E67B10C72}.Debug|x64.Build.0 = Debug|x64
		{FAF9F857-109C-4A84-9469-DD3E67B10C72}.Debug|x86.ActiveCfg = Debug|Win32
		{FAF9F857-109C-4A84-9469-DD3E67B10C72}.Debug|x86.Build.0 = Debug|Win32
		{FAF9F857-109C-4A84-9469-DD3E67B10C72}.Release|x64.ActiveCfg = Release|x64
		{FAF9F857-109C-4A84-9469-DD3E67B10C72}.Release|x64.Build.0 = Release|x64
		{FAF9F857-109C-4A84-9469-DD3E67B10C72}.Release|x86.ActiveCfg = Release|Win32
		{FAF9F857-109C-4A84-9469-DD3E67B10C72}.Release|x86.Build.0 = Release|Win32
		{F7A9721F-DF5F-40DD-B813-332E4B3CEB72}.Debug|x64.ActiveCfg = Debug|x64
		{F7A9721F-DF5F-40DD-B813-332E4B3CEB72}.Debug|x64.Build.0 = Debug|x64
		{F7A9721F-DF5F-40DD-B813-332E4B3CEB72}.Debug|x86.ActiveCfg = Debug|Win32
		{F7A9721F-DF5F-40DD-B813-332E4B3CEB72}.Debug|x86.Build.0 = Debug|Win32
		{F7A9721F-DF5F-40DD-B813-332E4B3CEB72}.Release|x64.ActiveCfg = Release|x64
		{F7A9721F-DF5F-40DD-B813-332E4B3CEB72}.Release|x64.Build.0 = Release|x64
		{F7A9721F-DF5F-40DD-B813-332E4B3CEB72}.Release|x86.ActiveCfg = Release|Win32
		{F7A9721F-DF5F-40DD-B813-332E4B3CEB72}.Release|x86.Build.0 = Release|Win32
		{5B85205A-B19E-4212-8FF2-5FF548398AF1}.Debug|x64.ActiveCfg = Debug|x64
		{5B85205A-B19E-4212-8FF2-5FF548398AF1}.Debug|x64.Build.0 = Debug|x64
		{5B85205A-B19E-4212-8FF2-5FF548398AF1}.Debug|x86.ActiveCfg = Debug|Win32
		{5B85205A-B19E-4212-8FF2-5FF548398AF1}.Debug|x86.Build.0 = Debug|Win32
		{5B85205A-B19E-4212-8FF2-5FF548398AF1}.Release|x64.ActiveCfg = Release|x64
		{5B85205A-B19E-4212-8FF2-5FF548398AF1}.Release|x64.Build.0 = Release|x64
		{5B85205A-B19E-4212-8FF2-5FF548398AF1}.Release|x86.ActiveCfg = Release|Win32
		{5B85205A-B19E-4212-8FF2-5FF548398AF1}.Release|x86.Build.0 = Release|Win32
		{9CDCB212-6F81-4920-BB82-A8AC9208839B}.Debug|x64.ActiveCfg = Debug|x64
		{9CDCB212-6F81-4920-BB82-A8AC9208839B}.Debug|x64.Build.0 = Debug|x64
		{9CDCB212-6F81-4920-BB82-A8AC9208839B}.Debug|x86.ActiveCfg = Debug|Win32
		{9CDCB212-6F81-4920-BB82-A8AC9208839B}.Debug|x86.Build.0 = Debug|Win32
		{9CDCB212-6F81-4920-BB82-A8AC9208839B}.Release|x64.ActiveCfg = Release|x64
		{9CDCB212-6F81-4920-BB82-A8AC9208839B}.Release|x64.Build.0 = Release|x64
		{9CDCB212-6F81-4920-BB82-A8AC9208839B}.Release|x86.ActiveCfg = Release|Win32
		{9CDCB212-6F81-4920-BB82-A8AC9208839B}.Release|x86.Build.0 = Release|Win32
		{0D05A912-40E0-4FD8-B21A-66D3829BA09D}.Debug|x64.ActiveCfg = Debug|x64
		{0D05A912-40E0-4FD8-B21A-66D3829BA09D}.Debug|x64.Build.0 = Debug|x64
		{0D05A912-40E0-4FD8-B21A-66D3829BA09D}.Debug|x86.ActiveCfg = Debug|Win32
		{0D05A912-40E0-4FD8-B21A-66D3829BA09D}.Debug|x86.Build.0 = Debug|Win32
		{0D05A912-40E0-4FD8-B21A-66D3829BA09D}.Release|x64.ActiveCfg = Release|x64
		{0D05A912-40E0-4FD8-B21A-66D3829BA09D}.Release|x64.Build.0 = Release|x64
		{0D05A912-40E0-4FD8-B21A-66D3829BA09D}.Release|x86.ActiveCfg = Release|Win32
		{0D05A912-40E0-4FD8-B21A-66D3829BA09D}.Release|x86.Build.0 = Release|Win32
	EndGlobalSection
	GlobalSection(SolutionProperties) = preSolution
		HideSolutionNode = FALSE
	EndGlobalSection
	GlobalSection(ExtensibilityGlobals) = postSolution
		SolutionGuid = {E37CC612-416E-4D23-8711-5F4F8DCB1AB9}
	EndGlobalSection
EndGlobal
