
Microsoft Visual Studio Solution File, Format Version 12.00
# Visual Studio Version 16
VisualStudioVersion = 16.0.30611.23
MinimumVisualStudioVersion = 10.0.40219.1
Project("{8BC9CEB8-8B4A-11D0-8D11-00A0C91BC942}") = "Binary_Tree", "Binary_Tree\Binary_Tree.vcxproj", "{166B5A84-DC37-4764-B488-23F0E5B6DF3B}"
EndProject
Project("{8BC9CEB8-8B4A-11D0-8D11-00A0C91BC942}") = "Traversal_Binary_Tree", "Traversal_Binary_Tree\Traversal_Binary_Tree.vcxproj", "{7EE321ED-F456-41E6-B32B-788F8B3BDF71}"
EndProject
Project("{8BC9CEB8-8B4A-11D0-8D11-00A0C91BC942}") = "Heap", "Heap\Heap.vcxproj", "{0622CF39-44C0-477D-ABBE-66AD6B337A5C}"
EndProject
Project("{8BC9CEB8-8B4A-11D0-8D11-00A0C91BC942}") = "Binary_Search_Tree", "Binary_Search_Tree\Binary_Search_Tree.vcxproj", "{BF37BD86-EEE5-4A33-BC5E-3E158EB4851C}"
EndProject
Project("{8BC9CEB8-8B4A-11D0-8D11-00A0C91BC942}") = "AVL_Tree", "AVL_Tree\AVL_Tree.vcxproj", "{460885B9-C195-4AE6-905E-2FF7411DE1CE}"
EndProject
Global
	GlobalSection(SolutionConfigurationPlatforms) = preSolution
		Debug|x64 = Debug|x64
		Debug|x86 = Debug|x86
		Release|x64 = Release|x64
		Release|x86 = Release|x86
	EndGlobalSection
	GlobalSection(ProjectConfigurationPlatforms) = postSolution
		{166B5A84-DC37-4764-B488-23F0E5B6DF3B}.Debug|x64.ActiveCfg = Debug|x64
		{166B5A84-DC37-4764-B488-23F0E5B6DF3B}.Debug|x64.Build.0 = Debug|x64
		{166B5A84-DC37-4764-B488-23F0E5B6DF3B}.Debug|x86.ActiveCfg = Debug|Win32
		{166B5A84-DC37-4764-B488-23F0E5B6DF3B}.Debug|x86.Build.0 = Debug|Win32
		{166B5A84-DC37-4764-B488-23F0E5B6DF3B}.Release|x64.ActiveCfg = Release|x64
		{166B5A84-DC37-4764-B488-23F0E5B6DF3B}.Release|x64.Build.0 = Release|x64
		{166B5A84-DC37-4764-B488-23F0E5B6DF3B}.Release|x86.ActiveCfg = Release|Win32
		{166B5A84-DC37-4764-B488-23F0E5B6DF3B}.Release|x86.Build.0 = Release|Win32
		{7EE321ED-F456-41E6-B32B-788F8B3BDF71}.Debug|x64.ActiveCfg = Debug|x64
		{7EE321ED-F456-41E6-B32B-788F8B3BDF71}.Debug|x64.Build.0 = Debug|x64
		{7EE321ED-F456-41E6-B32B-788F8B3BDF71}.Debug|x86.ActiveCfg = Debug|Win32
		{7EE321ED-F456-41E6-B32B-788F8B3BDF71}.Debug|x86.Build.0 = Debug|Win32
		{7EE321ED-F456-41E6-B32B-788F8B3BDF71}.Release|x64.ActiveCfg = Release|x64
		{7EE321ED-F456-41E6-B32B-788F8B3BDF71}.Release|x64.Build.0 = Release|x64
		{7EE321ED-F456-41E6-B32B-788F8B3BDF71}.Release|x86.ActiveCfg = Release|Win32
		{7EE321ED-F456-41E6-B32B-788F8B3BDF71}.Release|x86.Build.0 = Release|Win32
		{0622CF39-44C0-477D-ABBE-66AD6B337A5C}.Debug|x64.ActiveCfg = Debug|x64
		{0622CF39-44C0-477D-ABBE-66AD6B337A5C}.Debug|x64.Build.0 = Debug|x64
		{0622CF39-44C0-477D-ABBE-66AD6B337A5C}.Debug|x86.ActiveCfg = Debug|Win32
		{0622CF39-44C0-477D-ABBE-66AD6B337A5C}.Debug|x86.Build.0 = Debug|Win32
		{0622CF39-44C0-477D-ABBE-66AD6B337A5C}.Release|x64.ActiveCfg = Release|x64
		{0622CF39-44C0-477D-ABBE-66AD6B337A5C}.Release|x64.Build.0 = Release|x64
		{0622CF39-44C0-477D-ABBE-66AD6B337A5C}.Release|x86.ActiveCfg = Release|Win32
		{0622CF39-44C0-477D-ABBE-66AD6B337A5C}.Release|x86.Build.0 = Release|Win32
		{BF37BD86-EEE5-4A33-BC5E-3E158EB4851C}.Debug|x64.ActiveCfg = Debug|x64
		{BF37BD86-EEE5-4A33-BC5E-3E158EB4851C}.Debug|x64.Build.0 = Debug|x64
		{BF37BD86-EEE5-4A33-BC5E-3E158EB4851C}.Debug|x86.ActiveCfg = Debug|Win32
		{BF37BD86-EEE5-4A33-BC5E-3E158EB4851C}.Debug|x86.Build.0 = Debug|Win32
		{BF37BD86-EEE5-4A33-BC5E-3E158EB4851C}.Release|x64.ActiveCfg = Release|x64
		{BF37BD86-EEE5-4A33-BC5E-3E158EB4851C}.Release|x64.Build.0 = Release|x64
		{BF37BD86-EEE5-4A33-BC5E-3E158EB4851C}.Release|x86.ActiveCfg = Release|Win32
		{BF37BD86-EEE5-4A33-BC5E-3E158EB4851C}.Release|x86.Build.0 = Release|Win32
		{460885B9-C195-4AE6-905E-2FF7411DE1CE}.Debug|x64.ActiveCfg = Debug|x64
		{460885B9-C195-4AE6-905E-2FF7411DE1CE}.Debug|x64.Build.0 = Debug|x64
		{460885B9-C195-4AE6-905E-2FF7411DE1CE}.Debug|x86.ActiveCfg = Debug|Win32
		{460885B9-C195-4AE6-905E-2FF7411DE1CE}.Debug|x86.Build.0 = Debug|Win32
		{460885B9-C195-4AE6-905E-2FF7411DE1CE}.Release|x64.ActiveCfg = Release|x64
		{460885B9-C195-4AE6-905E-2FF7411DE1CE}.Release|x64.Build.0 = Release|x64
		{460885B9-C195-4AE6-905E-2FF7411DE1CE}.Release|x86.ActiveCfg = Release|Win32
		{460885B9-C195-4AE6-905E-2FF7411DE1CE}.Release|x86.Build.0 = Release|Win32
	EndGlobalSection
	GlobalSection(SolutionProperties) = preSolution
		HideSolutionNode = FALSE
	EndGlobalSection
	GlobalSection(ExtensibilityGlobals) = postSolution
		SolutionGuid = {B3CA0513-A833-4666-ACD5-45DE4F6D02DA}
	EndGlobalSection
EndGlobal
